
Microsoft Visual Studio Solution File, Format Version 12.00
# Visual Studio 15
VisualStudioVersion = 15.0.28307.271
MinimumVisualStudioVersion = 10.0.40219.1
Project("{FAE04EC0-301F-11D3-BF4B-00C04F79EFBC}") = "Ksu.Cis300.GoogleHomePage", "Ksu.Cis300.GoogleHomePage\Ksu.Cis300.GoogleHomePage.csproj", "{2BE2476E-C9C3-4B88-88E2-2F3746F76627}"
EndProject
Global
	GlobalSection(SolutionConfigurationPlatforms) = preSolution
		Debug|Any CPU = Debug|Any CPU
		Release|Any CPU = Release|Any CPU
	EndGlobalSection
	GlobalSection(ProjectConfigurationPlatforms) = postSolution
		{2BE2476E-C9C3-4B88-88E2-2F3746F76627}.Debug|Any CPU.ActiveCfg = Debug|Any CPU
		{2BE2476E-C9C3-4B88-88E2-2F3746F76627}.Debug|Any CPU.Build.0 = Debug|Any CPU
		{2BE2476E-C9C3-4B88-88E2-2F3746F76627}.Release|Any CPU.ActiveCfg = Release|Any CPU
		{2BE2476E-C9C3-4B88-88E2-2F3746F76627}.Release|Any CPU.Build.0 = Release|Any CPU
	EndGlobalSection
	GlobalSection(SolutionProperties) = preSolution
		HideSolutionNode = FALSE
	EndGlobalSection
	GlobalSection(ExtensibilityGlobals) = postSolution
		SolutionGuid = {9B86A8B6-F40B-4C7B-895B-37C14DD590BA}
	EndGlobalSection
EndGlobal
